
Microsoft Visual Studio Solution File, Format Version 12.00
# Visual Studio Version 17
VisualStudioVersion = 17.10.35027.167
MinimumVisualStudioVersion = 10.0.40219.1
Project("{2150E333-8FDC-42A3-9474-1A3956D46DE8}") = "service", "service", "{08D1BDA3-45A1-4C2D-89AB-754B7E57EA3F}"
EndProject
Project("{2150E333-8FDC-42A3-9474-1A3956D46DE8}") = "testing", "testing", "{F0EEE244-B30F-4297-B452-AC988025DFF7}"
EndProject
Project("{9A19103F-16F7-4668-BE54-9A1E7A4F7556}") = "MiniBank.AccountsSrv.Api", "service\MiniBank.AccountsSrv.Api\MiniBank.AccountsSrv.Api.csproj", "{392294CF-99F1-4647-A91D-D574FBAD834D}"
EndProject
Project("{9A19103F-16F7-4668-BE54-9A1E7A4F7556}") = "MiniBank.AccountsSrv.Application", "service\MiniBank.AccountsSrv.Application\MiniBank.AccountsSrv.Application.csproj", "{8D168B53-6EAE-4112-8370-14D6B5E41E77}"
EndProject
Project("{9A19103F-16F7-4668-BE54-9A1E7A4F7556}") = "MiniBank.AccountsSrv.Domain", "service\MiniBank.AccountsSrv.Domain\MiniBank.AccountsSrv.Domain.csproj", "{6D6EBB52-B281-416C-B098-2F77D2AA3651}"
EndProject
Project("{9A19103F-16F7-4668-BE54-9A1E7A4F7556}") = "MiniBank.AccountsSrv.Infrastructure", "service\MiniBank.AccountsSrv.Infrastructure\MiniBank.AccountsSrv.Infrastructure.csproj", "{48806985-F4AC-4C6D-9648-9E373F9CAE85}"
EndProject
Project("{9A19103F-16F7-4668-BE54-9A1E7A4F7556}") = "MiniBank.AccountsSrv.Console", "testing\MiniBank.AccountsSrv.Console\MiniBank.AccountsSrv.Console.csproj", "{0B5953C0-B1E4-4789-90F0-B22E24DD4A2B}"
EndProject
Project("{9A19103F-16F7-4668-BE54-9A1E7A4F7556}") = "MiniBank.AccountsSrv.IntegrationTests", "testing\MiniBank.AccountsSrv.IntegrationTests\MiniBank.AccountsSrv.IntegrationTests.csproj", "{0828C860-FF4B-444D-BBAF-140E7E87F477}"
EndProject
Project("{9A19103F-16F7-4668-BE54-9A1E7A4F7556}") = "MiniBank.AccountsSrv.UnitTests", "testing\MiniBank.AccountsSrv.UnitTests\MiniBank.AccountsSrv.UnitTests.csproj", "{5BDB0029-373D-43B9-92EB-A9B58A74D39E}"
EndProject
Global
	GlobalSection(SolutionConfigurationPlatforms) = preSolution
		Debug|Any CPU = Debug|Any CPU
		Release|Any CPU = Release|Any CPU
	EndGlobalSection
	GlobalSection(ProjectConfigurationPlatforms) = postSolution
		{392294CF-99F1-4647-A91D-D574FBAD834D}.Debug|Any CPU.ActiveCfg = Debug|Any CPU
		{392294CF-99F1-4647-A91D-D574FBAD834D}.Debug|Any CPU.Build.0 = Debug|Any CPU
		{392294CF-99F1-4647-A91D-D574FBAD834D}.Release|Any CPU.ActiveCfg = Release|Any CPU
		{392294CF-99F1-4647-A91D-D574FBAD834D}.Release|Any CPU.Build.0 = Release|Any CPU
		{8D168B53-6EAE-4112-8370-14D6B5E41E77}.Debug|Any CPU.ActiveCfg = Debug|Any CPU
		{8D168B53-6EAE-4112-8370-14D6B5E41E77}.Debug|Any CPU.Build.0 = Debug|Any CPU
		{8D168B53-6EAE-4112-8370-14D6B5E41E77}.Release|Any CPU.ActiveCfg = Release|Any CPU
		{8D168B53-6EAE-4112-8370-14D6B5E41E77}.Release|Any CPU.Build.0 = Release|Any CPU
		{6D6EBB52-B281-416C-B098-2F77D2AA3651}.Debug|Any CPU.ActiveCfg = Debug|Any CPU
		{6D6EBB52-B281-416C-B098-2F77D2AA3651}.Debug|Any CPU.Build.0 = Debug|Any CPU
		{6D6EBB52-B281-416C-B098-2F77D2AA3651}.Release|Any CPU.ActiveCfg = Release|Any CPU
		{6D6EBB52-B281-416C-B098-2F77D2AA3651}.Release|Any CPU.Build.0 = Release|Any CPU
		{48806985-F4AC-4C6D-9648-9E373F9CAE85}.Debug|Any CPU.ActiveCfg = Debug|Any CPU
		{48806985-F4AC-4C6D-9648-9E373F9CAE85}.Debug|Any CPU.Build.0 = Debug|Any CPU
		{48806985-F4AC-4C6D-9648-9E373F9CAE85}.Release|Any CPU.ActiveCfg = Release|Any CPU
		{48806985-F4AC-4C6D-9648-9E373F9CAE85}.Release|Any CPU.Build.0 = Release|Any CPU
		{0B5953C0-B1E4-4789-90F0-B22E24DD4A2B}.Debug|Any CPU.ActiveCfg = Debug|Any CPU
		{0B5953C0-B1E4-4789-90F0-B22E24DD4A2B}.Debug|Any CPU.Build.0 = Debug|Any CPU
		{0B5953C0-B1E4-4789-90F0-B22E24DD4A2B}.Release|Any CPU.ActiveCfg = Release|Any CPU
		{0B5953C0-B1E4-4789-90F0-B22E24DD4A2B}.Release|Any CPU.Build.0 = Release|Any CPU
		{0828C860-FF4B-444D-BBAF-140E7E87F477}.Debug|Any CPU.ActiveCfg = Debug|Any CPU
		{0828C860-FF4B-444D-BBAF-140E7E87F477}.Debug|Any CPU.Build.0 = Debug|Any CPU
		{0828C860-FF4B-444D-BBAF-140E7E87F477}.Release|Any CPU.ActiveCfg = Release|Any CPU
		{0828C860-FF4B-444D-BBAF-140E7E87F477}.Release|Any CPU.Build.0 = Release|Any CPU
		{5BDB0029-373D-43B9-92EB-A9B58A74D39E}.Debug|Any CPU.ActiveCfg = Debug|Any CPU
		{5BDB0029-373D-43B9-92EB-A9B58A74D39E}.Debug|Any CPU.Build.0 = Debug|Any CPU
		{5BDB0029-373D-43B9-92EB-A9B58A74D39E}.Release|Any CPU.ActiveCfg = Release|Any CPU
		{5BDB0029-373D-43B9-92EB-A9B58A74D39E}.Release|Any CPU.Build.0 = Release|Any CPU
	EndGlobalSection
	GlobalSection(SolutionProperties) = preSolution
		HideSolutionNode = FALSE
	EndGlobalSection
	GlobalSection(NestedProjects) = preSolution
		{392294CF-99F1-4647-A91D-D574FBAD834D} = {08D1BDA3-45A1-4C2D-89AB-754B7E57EA3F}
		{8D168B53-6EAE-4112-8370-14D6B5E41E77} = {08D1BDA3-45A1-4C2D-89AB-754B7E57EA3F}
		{6D6EBB52-B281-416C-B098-2F77D2AA3651} = {08D1BDA3-45A1-4C2D-89AB-754B7E57EA3F}
		{48806985-F4AC-4C6D-9648-9E373F9CAE85} = {08D1BDA3-45A1-4C2D-89AB-754B7E57EA3F}
		{0B5953C0-B1E4-4789-90F0-B22E24DD4A2B} = {F0EEE244-B30F-4297-B452-AC988025DFF7}
		{0828C860-FF4B-444D-BBAF-140E7E87F477} = {F0EEE244-B30F-4297-B452-AC988025DFF7}
		{5BDB0029-373D-43B9-92EB-A9B58A74D39E} = {F0EEE244-B30F-4297-B452-AC988025DFF7}
	EndGlobalSection
	GlobalSection(ExtensibilityGlobals) = postSolution
		SolutionGuid = {134A23C0-5AC0-42EF-9492-3EE1CAE8F4BC}
	EndGlobalSection
EndGlobal
